
Microsoft Visual Studio Solution File, Format Version 12.00
# Visual Studio Version 17
VisualStudioVersion = 17.2.32630.192
MinimumVisualStudioVersion = 10.0.40219.1
Project("{9A19103F-16F7-4668-BE54-9A1E7A4F7556}") = "Restaurant.Core.Application", "Application\Restaurant.Core.Application.csproj", "{3F89E9E6-E313-406C-883E-C2E5E026C00E}"
EndProject
Project("{2150E333-8FDC-42A3-9474-1A3956D46DE8}") = "Source", "Source", "{24413D32-FA13-48DB-815C-BE776A2AFA40}"
EndProject
Project("{2150E333-8FDC-42A3-9474-1A3956D46DE8}") = "Core", "Core", "{D14E7EC2-CE33-45F1-A85B-FA2F9C585300}"
EndProject
Project("{2150E333-8FDC-42A3-9474-1A3956D46DE8}") = "Infrastructure", "Infrastructure", "{57057860-2B84-4BE1-B6AC-EB5D3FDB924D}"
EndProject
Project("{2150E333-8FDC-42A3-9474-1A3956D46DE8}") = "Presentation", "Presentation", "{AD39A481-FA17-49F6-93B1-E6FADD71FEBB}"
EndProject
Project("{9A19103F-16F7-4668-BE54-9A1E7A4F7556}") = "Restaurant.Core.Domain", "StockApp.Core.Domain\Restaurant.Core.Domain.csproj", "{A12E4560-BA71-48CE-84AB-E529661E3439}"
EndProject
Project("{9A19103F-16F7-4668-BE54-9A1E7A4F7556}") = "Restaurant.Infrastructure.Shared", "StockApp.Infrastructure.Shared\Restaurant.Infrastructure.Shared.csproj", "{2B0496C2-2445-482F-BFFB-035F74F907B6}"
EndProject
Project("{9A19103F-16F7-4668-BE54-9A1E7A4F7556}") = "Restaurant.Infrastructure.Identity", "StockApp.Infrastructure.Identity\Restaurant.Infrastructure.Identity.csproj", "{F2F70293-F109-41CC-B3C3-0DAE426A61D3}"
EndProject
Project("{9A19103F-16F7-4668-BE54-9A1E7A4F7556}") = "Restaurant.Infrastucture.Persistence", "StockApp.Infrastucture.Persistence\Restaurant.Infrastucture.Persistence.csproj", "{3644A2FB-5F19-4FBD-B1C2-7910CCBA01E3}"
EndProject
Project("{2150E333-8FDC-42A3-9474-1A3956D46DE8}") = "WebApi", "WebApi", "{EB6549B6-BD03-4C60-ACD4-EF05F33E25A4}"
EndProject
Project("{9A19103F-16F7-4668-BE54-9A1E7A4F7556}") = "Restaurant.WebApi", "StockApp.WebApi\Restaurant.WebApi.csproj", "{5B08CDF8-02EB-496B-978D-4B8C12C19944}"
EndProject
Global
	GlobalSection(SolutionConfigurationPlatforms) = preSolution
		Debug|Any CPU = Debug|Any CPU
		Release|Any CPU = Release|Any CPU
	EndGlobalSection
	GlobalSection(ProjectConfigurationPlatforms) = postSolution
		{3F89E9E6-E313-406C-883E-C2E5E026C00E}.Debug|Any CPU.ActiveCfg = Debug|Any CPU
		{3F89E9E6-E313-406C-883E-C2E5E026C00E}.Debug|Any CPU.Build.0 = Debug|Any CPU
		{3F89E9E6-E313-406C-883E-C2E5E026C00E}.Release|Any CPU.ActiveCfg = Release|Any CPU
		{3F89E9E6-E313-406C-883E-C2E5E026C00E}.Release|Any CPU.Build.0 = Release|Any CPU
		{A12E4560-BA71-48CE-84AB-E529661E3439}.Debug|Any CPU.ActiveCfg = Debug|Any CPU
		{A12E4560-BA71-48CE-84AB-E529661E3439}.Debug|Any CPU.Build.0 = Debug|Any CPU
		{A12E4560-BA71-48CE-84AB-E529661E3439}.Release|Any CPU.ActiveCfg = Release|Any CPU
		{A12E4560-BA71-48CE-84AB-E529661E3439}.Release|Any CPU.Build.0 = Release|Any CPU
		{2B0496C2-2445-482F-BFFB-035F74F907B6}.Debug|Any CPU.ActiveCfg = Debug|Any CPU
		{2B0496C2-2445-482F-BFFB-035F74F907B6}.Debug|Any CPU.Build.0 = Debug|Any CPU
		{2B0496C2-2445-482F-BFFB-035F74F907B6}.Release|Any CPU.ActiveCfg = Release|Any CPU
		{2B0496C2-2445-482F-BFFB-035F74F907B6}.Release|Any CPU.Build.0 = Release|Any CPU
		{F2F70293-F109-41CC-B3C3-0DAE426A61D3}.Debug|Any CPU.ActiveCfg = Debug|Any CPU
		{F2F70293-F109-41CC-B3C3-0DAE426A61D3}.Debug|Any CPU.Build.0 = Debug|Any CPU
		{F2F70293-F109-41CC-B3C3-0DAE426A61D3}.Release|Any CPU.ActiveCfg = Release|Any CPU
		{F2F70293-F109-41CC-B3C3-0DAE426A61D3}.Release|Any CPU.Build.0 = Release|Any CPU
		{3644A2FB-5F19-4FBD-B1C2-7910CCBA01E3}.Debug|Any CPU.ActiveCfg = Debug|Any CPU
		{3644A2FB-5F19-4FBD-B1C2-7910CCBA01E3}.Debug|Any CPU.Build.0 = Debug|Any CPU
		{3644A2FB-5F19-4FBD-B1C2-7910CCBA01E3}.Release|Any CPU.ActiveCfg = Release|Any CPU
		{3644A2FB-5F19-4FBD-B1C2-7910CCBA01E3}.Release|Any CPU.Build.0 = Release|Any CPU
		{5B08CDF8-02EB-496B-978D-4B8C12C19944}.Debug|Any CPU.ActiveCfg = Debug|Any CPU
		{5B08CDF8-02EB-496B-978D-4B8C12C19944}.Debug|Any CPU.Build.0 = Debug|Any CPU
		{5B08CDF8-02EB-496B-978D-4B8C12C19944}.Release|Any CPU.ActiveCfg = Release|Any CPU
		{5B08CDF8-02EB-496B-978D-4B8C12C19944}.Release|Any CPU.Build.0 = Release|Any CPU
	EndGlobalSection
	GlobalSection(SolutionProperties) = preSolution
		HideSolutionNode = FALSE
	EndGlobalSection
	GlobalSection(NestedProjects) = preSolution
		{3F89E9E6-E313-406C-883E-C2E5E026C00E} = {D14E7EC2-CE33-45F1-A85B-FA2F9C585300}
		{D14E7EC2-CE33-45F1-A85B-FA2F9C585300} = {24413D32-FA13-48DB-815C-BE776A2AFA40}
		{57057860-2B84-4BE1-B6AC-EB5D3FDB924D} = {24413D32-FA13-48DB-815C-BE776A2AFA40}
		{AD39A481-FA17-49F6-93B1-E6FADD71FEBB} = {24413D32-FA13-48DB-815C-BE776A2AFA40}
		{A12E4560-BA71-48CE-84AB-E529661E3439} = {D14E7EC2-CE33-45F1-A85B-FA2F9C585300}
		{2B0496C2-2445-482F-BFFB-035F74F907B6} = {57057860-2B84-4BE1-B6AC-EB5D3FDB924D}
		{F2F70293-F109-41CC-B3C3-0DAE426A61D3} = {57057860-2B84-4BE1-B6AC-EB5D3FDB924D}
		{3644A2FB-5F19-4FBD-B1C2-7910CCBA01E3} = {57057860-2B84-4BE1-B6AC-EB5D3FDB924D}
		{EB6549B6-BD03-4C60-ACD4-EF05F33E25A4} = {AD39A481-FA17-49F6-93B1-E6FADD71FEBB}
		{5B08CDF8-02EB-496B-978D-4B8C12C19944} = {EB6549B6-BD03-4C60-ACD4-EF05F33E25A4}
	EndGlobalSection
	GlobalSection(ExtensibilityGlobals) = postSolution
		SolutionGuid = {CF89AA04-DA45-4A8E-82D5-C2AB459BCBBE}
	EndGlobalSection
EndGlobal
